dependencies:
- name: postgresql
  repository: file://../postgresql-keycloak
  version: 16.6.6
- name: common
  repository: oci://registry-1.docker.io/bitnamicharts
  version: 2.30.2
digest: sha256:0f7633a2556c70aa958b35f49390294b81ebd7fd3e9d4c2c682be32511227a85
generated: "2025-05-01T17:28:47.79248+07:00"
